{
  "name": "rpi-matrix-display",
  "version": "1.0.0",
  "lockfileVersion": 1,
  "requires": true,
  "dependencies": {
    "rpi-animations": {
      "version": "1.0.2",
      "resolved": "https://registry.npmjs.org/rpi-animations/-/rpi-animations-1.0.2.tgz",
      "integrity": "sha512-zGmzGGH1cdUw4Ge3qOKw931aXhlDhP9WCAyYfWRrjz1/pj66VOHrLkpz3d6vBVhY8cB/iWiSU1A6YbjYdgWlBw=="
    }
  }
}
