{
  "name": "rpi-matrix-display",
  "version": "1.0.0",
  "lockfileVersion": 1,
  "requires": true,
  "dependencies": {
    "extend": {
      "version": "3.0.2",
      "resolved": "https://registry.npmjs.org/extend/-/extend-3.0.2.tgz",
      "integrity": "sha512-fjquC59cD7CyW6urNXK0FBufkZcoiGG80wTuPujX590cB5Ttln20E2UB4S/WARVqhXffZl2LNgS+gQdPIIim/g=="
    },
    "sprintf-js": {
      "version": "1.1.2",
      "resolved": "https://registry.npmjs.org/sprintf-js/-/sprintf-js-1.1.2.tgz",
      "integrity": "sha512-VE0SOVEHCk7Qc8ulkWw3ntAzXuqf7S2lvwQaDLRnUeIEaKNQJzV6BwmLKhOqT61aGhfUMrXeaBk+oDGCzvhcug=="
    },
    "yow": {
      "version": "1.0.105",
      "resolved": "https://registry.npmjs.org/yow/-/yow-1.0.105.tgz",
      "integrity": "sha512-P70MeUtgbVhbK3xCGbGyzbSLC3NbbJJVp8qMfRUGmimIkSPB9miFc8wwoqucevTXLmgNrdXwWge6tp59aNmEhw==",
      "requires": {
        "extend": "^3.0.0",
        "sprintf-js": "^1.0.3"
      }
    }
  }
}
